
Microsoft Visual Studio Solution File, Format Version 12.00
# Visual Studio 14
VisualStudioVersion = 14.0.25420.1
MinimumVisualStudioVersion = 10.0.40219.1
Project("{FAE04EC0-301F-11D3-BF4B-00C04F79EFBC}") = "Task1", "Task1\Task1.csproj", "{2F71F8C1-252B-4CEC-BA7C-CD41C50E24A5}"
EndProject
Project("{FAE04EC0-301F-11D3-BF4B-00C04F79EFBC}") = "Task2.6", "Task2.6\Task2.6.csproj", "{0DC7CC06-1C73-40BA-AFDC-D41B9122C141}"
EndProject
Project("{FAE04EC0-301F-11D3-BF4B-00C04F79EFBC}") = "Task2.7", "Task2.7\Task2.7.csproj", "{E49021EC-69D7-4EF5-8035-74FC799773FA}"
EndProject
Project("{FAE04EC0-301F-11D3-BF4B-00C04F79EFBC}") = "Task3", "Task3\Task3.csproj", "{CF5F399A-5D12-42F8-AEF4-ED271964F709}"
EndProject
Project("{FAE04EC0-301F-11D3-BF4B-00C04F79EFBC}") = "Task4", "Task4\Task4.csproj", "{E25F3CB3-4261-4DA2-8480-FBD3AD3AC7E8}"
EndProject
Project("{FAE04EC0-301F-11D3-BF4B-00C04F79EFBC}") = "Task1.Tests", "Task1.Tests\Task1.Tests.csproj", "{CB893E56-C2F6-471A-B904-4276DB3E2F41}"
EndProject
Project("{FAE04EC0-301F-11D3-BF4B-00C04F79EFBC}") = "Task1.Tests.NUnit", "Task1.Tests.NUnit\Task1.Tests.NUnit.csproj", "{A1E00CB9-94CB-47CD-9F1C-C3ECBDC637AD}"
EndProject
Project("{FAE04EC0-301F-11D3-BF4B-00C04F79EFBC}") = "Task2.6.Tests", "Task2.6.Tests\Task2.6.Tests.csproj", "{89FBAD98-A914-4147-AEAF-890AA986BCE1}"
EndProject
Project("{FAE04EC0-301F-11D3-BF4B-00C04F79EFBC}") = "Task2.6.Tests.NUnit", "Task2.6.Tests.NUnit\Task2.6.Tests.NUnit.csproj", "{58882F28-6EAB-44F2-AF9F-E877E09E37F5}"
EndProject
Project("{FAE04EC0-301F-11D3-BF4B-00C04F79EFBC}") = "Task2.7.Tests", "Task2.7.Tests\Task2.7.Tests.csproj", "{8222B19C-040A-4288-8452-BF4403CECA26}"
EndProject
Project("{FAE04EC0-301F-11D3-BF4B-00C04F79EFBC}") = "Task2.7.Tests.NUnit", "Task2.7.Tests.NUnit\Task2.7.Tests.NUnit.csproj", "{D272EE96-280E-4288-9086-1BE109D4BDF9}"
EndProject
Project("{FAE04EC0-301F-11D3-BF4B-00C04F79EFBC}") = "Task3.Tests.NUnit", "Task3.Tests.NUnit\Task3.Tests.NUnit.csproj", "{6B8D7AA4-812D-40F8-84BE-64650322238F}"
EndProject
Global
	GlobalSection(SolutionConfigurationPlatforms) = preSolution
		Debug|Any CPU = Debug|Any CPU
		Release|Any CPU = Release|Any CPU
	EndGlobalSection
	GlobalSection(ProjectConfigurationPlatforms) = postSolution
		{2F71F8C1-252B-4CEC-BA7C-CD41C50E24A5}.Debug|Any CPU.ActiveCfg = Debug|Any CPU
		{2F71F8C1-252B-4CEC-BA7C-CD41C50E24A5}.Debug|Any CPU.Build.0 = Debug|Any CPU
		{2F71F8C1-252B-4CEC-BA7C-CD41C50E24A5}.Release|Any CPU.ActiveCfg = Release|Any CPU
		{2F71F8C1-252B-4CEC-BA7C-CD41C50E24A5}.Release|Any CPU.Build.0 = Release|Any CPU
		{0DC7CC06-1C73-40BA-AFDC-D41B9122C141}.Debug|Any CPU.ActiveCfg = Debug|Any CPU
		{0DC7CC06-1C73-40BA-AFDC-D41B9122C141}.Debug|Any CPU.Build.0 = Debug|Any CPU
		{0DC7CC06-1C73-40BA-AFDC-D41B9122C141}.Release|Any CPU.ActiveCfg = Release|Any CPU
		{0DC7CC06-1C73-40BA-AFDC-D41B9122C141}.Release|Any CPU.Build.0 = Release|Any CPU
		{E49021EC-69D7-4EF5-8035-74FC799773FA}.Debug|Any CPU.ActiveCfg = Debug|Any CPU
		{E49021EC-69D7-4EF5-8035-74FC799773FA}.Debug|Any CPU.Build.0 = Debug|Any CPU
		{E49021EC-69D7-4EF5-8035-74FC799773FA}.Release|Any CPU.ActiveCfg = Release|Any CPU
		{E49021EC-69D7-4EF5-8035-74FC799773FA}.Release|Any CPU.Build.0 = Release|Any CPU
		{CF5F399A-5D12-42F8-AEF4-ED271964F709}.Debug|Any CPU.ActiveCfg = Debug|Any CPU
		{CF5F399A-5D12-42F8-AEF4-ED271964F709}.Debug|Any CPU.Build.0 = Debug|Any CPU
		{CF5F399A-5D12-42F8-AEF4-ED271964F709}.Release|Any CPU.ActiveCfg = Release|Any CPU
		{CF5F399A-5D12-42F8-AEF4-ED271964F709}.Release|Any CPU.Build.0 = Release|Any CPU
		{E25F3CB3-4261-4DA2-8480-FBD3AD3AC7E8}.Debug|Any CPU.ActiveCfg = Debug|Any CPU
		{E25F3CB3-4261-4DA2-8480-FBD3AD3AC7E8}.Debug|Any CPU.Build.0 = Debug|Any CPU
		{E25F3CB3-4261-4DA2-8480-FBD3AD3AC7E8}.Release|Any CPU.ActiveCfg = Release|Any CPU
		{E25F3CB3-4261-4DA2-8480-FBD3AD3AC7E8}.Release|Any CPU.Build.0 = Release|Any CPU
		{CB893E56-C2F6-471A-B904-4276DB3E2F41}.Debug|Any CPU.ActiveCfg = Debug|Any CPU
		{CB893E56-C2F6-471A-B904-4276DB3E2F41}.Debug|Any CPU.Build.0 = Debug|Any CPU
		{CB893E56-C2F6-471A-B904-4276DB3E2F41}.Release|Any CPU.ActiveCfg = Release|Any CPU
		{CB893E56-C2F6-471A-B904-4276DB3E2F41}.Release|Any CPU.Build.0 = Release|Any CPU
		{A1E00CB9-94CB-47CD-9F1C-C3ECBDC637AD}.Debug|Any CPU.ActiveCfg = Debug|Any CPU
		{A1E00CB9-94CB-47CD-9F1C-C3ECBDC637AD}.Debug|Any CPU.Build.0 = Debug|Any CPU
		{A1E00CB9-94CB-47CD-9F1C-C3ECBDC637AD}.Release|Any CPU.ActiveCfg = Release|Any CPU
		{A1E00CB9-94CB-47CD-9F1C-C3ECBDC637AD}.Release|Any CPU.Build.0 = Release|Any CPU
		{89FBAD98-A914-4147-AEAF-890AA986BCE1}.Debug|Any CPU.ActiveCfg = Debug|Any CPU
		{89FBAD98-A914-4147-AEAF-890AA986BCE1}.Debug|Any CPU.Build.0 = Debug|Any CPU
		{89FBAD98-A914-4147-AEAF-890AA986BCE1}.Release|Any CPU.ActiveCfg = Release|Any CPU
		{89FBAD98-A914-4147-AEAF-890AA986BCE1}.Release|Any CPU.Build.0 = Release|Any CPU
		{58882F28-6EAB-44F2-AF9F-E877E09E37F5}.Debug|Any CPU.ActiveCfg = Debug|Any CPU
		{58882F28-6EAB-44F2-AF9F-E877E09E37F5}.Debug|Any CPU.Build.0 = Debug|Any CPU
		{58882F28-6EAB-44F2-AF9F-E877E09E37F5}.Release|Any CPU.ActiveCfg = Release|Any CPU
		{58882F28-6EAB-44F2-AF9F-E877E09E37F5}.Release|Any CPU.Build.0 = Release|Any CPU
		{8222B19C-040A-4288-8452-BF4403CECA26}.Debug|Any CPU.ActiveCfg = Debug|Any CPU
		{8222B19C-040A-4288-8452-BF4403CECA26}.Debug|Any CPU.Build.0 = Debug|Any CPU
		{8222B19C-040A-4288-8452-BF4403CECA26}.Release|Any CPU.ActiveCfg = Release|Any CPU
		{8222B19C-040A-4288-8452-BF4403CECA26}.Release|Any CPU.Build.0 = Release|Any CPU
		{D272EE96-280E-4288-9086-1BE109D4BDF9}.Debug|Any CPU.ActiveCfg = Debug|Any CPU
		{D272EE96-280E-4288-9086-1BE109D4BDF9}.Debug|Any CPU.Build.0 = Debug|Any CPU
		{D272EE96-280E-4288-9086-1BE109D4BDF9}.Release|Any CPU.ActiveCfg = Release|Any CPU
		{D272EE96-280E-4288-9086-1BE109D4BDF9}.Release|Any CPU.Build.0 = Release|Any CPU
		{6B8D7AA4-812D-40F8-84BE-64650322238F}.Debug|Any CPU.ActiveCfg = Debug|Any CPU
		{6B8D7AA4-812D-40F8-84BE-64650322238F}.Debug|Any CPU.Build.0 = Debug|Any CPU
		{6B8D7AA4-812D-40F8-84BE-64650322238F}.Release|Any CPU.ActiveCfg = Release|Any CPU
		{6B8D7AA4-812D-40F8-84BE-64650322238F}.Release|Any CPU.Build.0 = Release|Any CPU
	EndGlobalSection
	GlobalSection(SolutionProperties) = preSolution
		HideSolutionNode = FALSE
	EndGlobalSection
EndGlobal
